# This file is automatically @generated by Cargo.
# It is not intended for manual editing.
version = 4

[[package]]
name = "input-bridge"
version = "0.1.0"
dependencies = [
 "input-dto",
]

[[package]]
name = "input-core"
version = "0.1.0"
dependencies = [
 "input-dto",
]

[[package]]
name = "input-dto"
version = "0.1.0"
