// !$*UTF8*$!
{
	archiveVersion = 1;
	classes = {
	};
	objectVersion = 56;
	objects = {

/* Begin PBXBuildFile section */
		A10000000000000000000001 /* WebRTC in Frameworks */ = {isa = PBXBuildFile; productRef = C10000000000000000000001 /* WebRTC */; };
		A00000000000000000000001 /* XBXRCApp.swift in Sources */ = {isa = PBXBuildFile; fileRef = B00000000000000000000001 /* XBXRCApp.swift */; };
		A00000000000000000000002 /* AppRootView.swift in Sources */ = {isa = PBXBuildFile; fileRef = B00000000000000000000002 /* AppRootView.swift */; };
		A00000000000000000000035 /* AppOrientation.swift in Sources */ = {isa = PBXBuildFile; fileRef = B00000000000000000000035 /* AppOrientation.swift */; };
		A0000000000000000000002D /* LaunchExperienceView.swift in Sources */ = {isa = PBXBuildFile; fileRef = B00000000000000000000034 /* LaunchExperienceView.swift */; };
		A00000000000000000000003 /* GameLibraryView.swift in Sources */ = {isa = PBXBuildFile; fileRef = B00000000000000000000003 /* GameLibraryView.swift */; };
		A00000000000000000000004 /* AchievementsView.swift in Sources */ = {isa = PBXBuildFile; fileRef = B00000000000000000000004 /* AchievementsView.swift */; };
		A00000000000000000000005 /* ProfileView.swift in Sources */ = {isa = PBXBuildFile; fileRef = B00000000000000000000005 /* ProfileView.swift */; };
		A00000000000000000000006 /* StreamingRuntime.swift in Sources */ = {isa = PBXBuildFile; fileRef = B00000000000000000000006 /* StreamingRuntime.swift */; };
		A00000000000000000000026 /* StreamingContracts.swift in Sources */ = {isa = PBXBuildFile; fileRef = B0000000000000000000002D /* StreamingContracts.swift */; };
		A00000000000000000000027 /* StreamSessionActor.swift in Sources */ = {isa = PBXBuildFile; fileRef = B0000000000000000000002E /* StreamSessionActor.swift */; };
		A00000000000000000000028 /* LibWebRtcRuntime.swift in Sources */ = {isa = PBXBuildFile; fileRef = B0000000000000000000002F /* LibWebRtcRuntime.swift */; };
		A00000000000000000000029 /* StreamingPlayerView.swift in Sources */ = {isa = PBXBuildFile; fileRef = B00000000000000000000030 /* StreamingPlayerView.swift */; };
		A0000000000000000000002A /* XboxStreamDataChannels.swift in Sources */ = {isa = PBXBuildFile; fileRef = B00000000000000000000031 /* XboxStreamDataChannels.swift */; };
		A0000000000000000000002C /* IOSStreamInputProtocol.swift in Sources */ = {isa = PBXBuildFile; fileRef = B00000000000000000000033 /* IOSStreamInputProtocol.swift */; };
		A00000000000000000000007 /* GameSummary.swift in Sources */ = {isa = PBXBuildFile; fileRef = B00000000000000000000007 /* GameSummary.swift */; };
		A00000000000000000000008 /* Assets.xcassets in Resources */ = {isa = PBXBuildFile; fileRef = B00000000000000000000008 /* Assets.xcassets */; };
		A00000000000000000000009 /* XBXRCTests.swift in Sources */ = {isa = PBXBuildFile; fileRef = B0000000000000000000000A /* XBXRCTests.swift */; };
		A0000000000000000000000A /* XCTest.framework in Frameworks */ = {isa = PBXBuildFile; fileRef = B0000000000000000000000D /* XCTest.framework */; };
		A0000000000000000000000B /* AuthStore.swift in Sources */ = {isa = PBXBuildFile; fileRef = B0000000000000000000000E /* AuthStore.swift */; };
		A0000000000000000000000C /* WebAuthenticationPresenter.swift in Sources */ = {isa = PBXBuildFile; fileRef = B0000000000000000000000F /* WebAuthenticationPresenter.swift */; };
		A0000000000000000000000D /* XboxLoginView.swift in Sources */ = {isa = PBXBuildFile; fileRef = B00000000000000000000010 /* XboxLoginView.swift */; };
		A0000000000000000000000E /* XboxAuthClient.swift in Sources */ = {isa = PBXBuildFile; fileRef = B00000000000000000000011 /* XboxAuthClient.swift */; };
		A0000000000000000000000F /* xbox_ios_bridge.swift in Sources */ = {isa = PBXBuildFile; fileRef = B00000000000000000000012 /* xbox_ios_bridge.swift */; };
		A00000000000000000000010 /* KeychainSessionStore.swift in Sources */ = {isa = PBXBuildFile; fileRef = B00000000000000000000016 /* KeychainSessionStore.swift */; };
		A00000000000000000000011 /* XboxDataClient.swift in Sources */ = {isa = PBXBuildFile; fileRef = B00000000000000000000018 /* XboxDataClient.swift */; };
		A00000000000000000000012 /* XboxDataStore.swift in Sources */ = {isa = PBXBuildFile; fileRef = B00000000000000000000019 /* XboxDataStore.swift */; };
		A00000000000000000000013 /* LibraryPresentation.swift in Sources */ = {isa = PBXBuildFile; fileRef = B0000000000000000000001A /* LibraryPresentation.swift */; };
		A00000000000000000000014 /* LibraryComponents.swift in Sources */ = {isa = PBXBuildFile; fileRef = B0000000000000000000001B /* LibraryComponents.swift */; };
		A00000000000000000000015 /* SkeletonPulse.swift in Sources */ = {isa = PBXBuildFile; fileRef = B0000000000000000000001C /* SkeletonPulse.swift */; };
		A00000000000000000000016 /* GamerscoreCoinIcon.swift in Sources */ = {isa = PBXBuildFile; fileRef = B0000000000000000000001D /* GamerscoreCoinIcon.swift */; };
		A00000000000000000000017 /* GameDetailView.swift in Sources */ = {isa = PBXBuildFile; fileRef = B0000000000000000000001E /* GameDetailView.swift */; };
		A00000000000000000000018 /* CircularCardCarousel.swift in Sources */ = {isa = PBXBuildFile; fileRef = B0000000000000000000001F /* CircularCardCarousel.swift */; };
		A00000000000000000000019 /* CloudLibraryGame.swift in Sources */ = {isa = PBXBuildFile; fileRef = B00000000000000000000020 /* CloudLibraryGame.swift */; };
		A0000000000000000000001A /* XboxCloudDataClient.swift in Sources */ = {isa = PBXBuildFile; fileRef = B00000000000000000000021 /* XboxCloudDataClient.swift */; };
		A0000000000000000000001B /* CloudCatalogSnapshotRepository.swift in Sources */ = {isa = PBXBuildFile; fileRef = B00000000000000000000022 /* CloudCatalogSnapshotRepository.swift */; };
		A0000000000000000000001C /* CloudLibraryStore.swift in Sources */ = {isa = PBXBuildFile; fileRef = B00000000000000000000023 /* CloudLibraryStore.swift */; };
		A0000000000000000000001D /* IOSRuntimeTraceEnvelope.swift in Sources */ = {isa = PBXBuildFile; fileRef = B00000000000000000000024 /* IOSRuntimeTraceEnvelope.swift */; };
		A0000000000000000000001E /* IOSRuntimeTracePolicy.swift in Sources */ = {isa = PBXBuildFile; fileRef = B00000000000000000000025 /* IOSRuntimeTracePolicy.swift */; };
		A0000000000000000000001F /* IOSRuntimeTraceWriter.swift in Sources */ = {isa = PBXBuildFile; fileRef = B00000000000000000000026 /* IOSRuntimeTraceWriter.swift */; };
		A00000000000000000000020 /* IOSRuntimeTrace.swift in Sources */ = {isa = PBXBuildFile; fileRef = B00000000000000000000027 /* IOSRuntimeTrace.swift */; };
		A00000000000000000000021 /* AppSettingsStore.swift in Sources */ = {isa = PBXBuildFile; fileRef = B00000000000000000000028 /* AppSettingsStore.swift */; };
		A00000000000000000000022 /* SettingsView.swift in Sources */ = {isa = PBXBuildFile; fileRef = B00000000000000000000029 /* SettingsView.swift */; };
		A00000000000000000000023 /* XboxHostSummary.swift in Sources */ = {isa = PBXBuildFile; fileRef = B0000000000000000000002A /* XboxHostSummary.swift */; };
		A00000000000000000000024 /* HostListView.swift in Sources */ = {isa = PBXBuildFile; fileRef = B0000000000000000000002B /* HostListView.swift */; };
		A0000000000000000000002B /* OrbitCardCarousel.swift in Sources */ = {isa = PBXBuildFile; fileRef = B00000000000000000000032 /* OrbitCardCarousel.swift */; };
/* End PBXBuildFile section */

/* Begin PBXContainerItemProxy section */
		E00000000000000000000002 /* PBXContainerItemProxy */ = {
			isa = PBXContainerItemProxy;
			containerPortal = E00000000000000000000001 /* Project object */;
			proxyType = 1;
			remoteGlobalIDString = F00000000000000000000001;
			remoteInfo = XBXRC;
		};
/* End PBXContainerItemProxy section */

/* Begin PBXFileReference section */
		B00000000000000000000001 /* XBXRCApp.swift */ = {isa = PBXFileReference; lastKnownFileType = sourcecode.swift; path = XBXRCApp.swift; sourceTree = "<group>"; };
		B00000000000000000000002 /* AppRootView.swift */ = {isa = PBXFileReference; lastKnownFileType = sourcecode.swift; path = AppRootView.swift; sourceTree = "<group>"; };
		B00000000000000000000035 /* AppOrientation.swift */ = {isa = PBXFileReference; lastKnownFileType = sourcecode.swift; path = AppOrientation.swift; sourceTree = "<group>"; };
		B00000000000000000000034 /* LaunchExperienceView.swift */ = {isa = PBXFileReference; lastKnownFileType = sourcecode.swift; path = LaunchExperienceView.swift; sourceTree = "<group>"; };
		B00000000000000000000003 /* GameLibraryView.swift */ = {isa = PBXFileReference; lastKnownFileType = sourcecode.swift; path = GameLibraryView.swift; sourceTree = "<group>"; };
		B00000000000000000000004 /* AchievementsView.swift */ = {isa = PBXFileReference; lastKnownFileType = sourcecode.swift; path = AchievementsView.swift; sourceTree = "<group>"; };
		B00000000000000000000005 /* ProfileView.swift */ = {isa = PBXFileReference; lastKnownFileType = sourcecode.swift; path = ProfileView.swift; sourceTree = "<group>"; };
		B00000000000000000000006 /* StreamingRuntime.swift */ = {isa = PBXFileReference; lastKnownFileType = sourcecode.swift; path = StreamingRuntime.swift; sourceTree = "<group>"; };
		B00000000000000000000007 /* GameSummary.swift */ = {isa = PBXFileReference; lastKnownFileType = sourcecode.swift; path = GameSummary.swift; sourceTree = "<group>"; };
		B00000000000000000000008 /* Assets.xcassets */ = {isa = PBXFileReference; lastKnownFileType = folder.assetcatalog; path = Assets.xcassets; sourceTree = "<group>"; };
		B00000000000000000000009 /* XBXRC.app */ = {isa = PBXFileReference; explicitFileType = wrapper.application; includeInIndex = 0; path = XBXRC.app; sourceTree = BUILT_PRODUCTS_DIR; };
		B0000000000000000000000A /* XBXRCTests.swift */ = {isa = PBXFileReference; lastKnownFileType = sourcecode.swift; path = XBXRCTests.swift; sourceTree = "<group>"; };
		B0000000000000000000000B /* XBXRCTests.xctest */ = {isa = PBXFileReference; explicitFileType = wrapper.cfbundle; includeInIndex = 0; path = XBXRCTests.xctest; sourceTree = BUILT_PRODUCTS_DIR; };
		B0000000000000000000000D /* XCTest.framework */ = {isa = PBXFileReference; lastKnownFileType = wrapper.framework; name = XCTest.framework; path = System/Library/Frameworks/XCTest.framework; sourceTree = SDKROOT; };
		B0000000000000000000000E /* AuthStore.swift */ = {isa = PBXFileReference; lastKnownFileType = sourcecode.swift; path = AuthStore.swift; sourceTree = "<group>"; };
		B0000000000000000000000F /* WebAuthenticationPresenter.swift */ = {isa = PBXFileReference; lastKnownFileType = sourcecode.swift; path = WebAuthenticationPresenter.swift; sourceTree = "<group>"; };
		B00000000000000000000010 /* XboxLoginView.swift */ = {isa = PBXFileReference; lastKnownFileType = sourcecode.swift; path = XboxLoginView.swift; sourceTree = "<group>"; };
		B00000000000000000000011 /* XboxAuthClient.swift */ = {isa = PBXFileReference; lastKnownFileType = sourcecode.swift; path = XboxAuthClient.swift; sourceTree = "<group>"; };
		B00000000000000000000012 /* xbox_ios_bridge.swift */ = {isa = PBXFileReference; lastKnownFileType = sourcecode.swift; path = xbox_ios_bridge.swift; sourceTree = "<group>"; };
		B00000000000000000000013 /* XBXRC-Bridging-Header.h */ = {isa = PBXFileReference; lastKnownFileType = sourcecode.c.h; path = "XBXRC-Bridging-Header.h"; sourceTree = "<group>"; };
		B00000000000000000000014 /* xbox_ios_bridge.modulemap */ = {isa = PBXFileReference; lastKnownFileType = sourcecode.module-map; path = xbox_ios_bridge.modulemap; sourceTree = "<group>"; };
		B00000000000000000000015 /* xbox_ios_bridgeFFI.h */ = {isa = PBXFileReference; lastKnownFileType = sourcecode.c.h; path = xbox_ios_bridgeFFI.h; sourceTree = "<group>"; };
		B00000000000000000000016 /* KeychainSessionStore.swift */ = {isa = PBXFileReference; lastKnownFileType = sourcecode.swift; path = KeychainSessionStore.swift; sourceTree = "<group>"; };
		B00000000000000000000017 /* Info.plist */ = {isa = PBXFileReference; lastKnownFileType = text.plist.xml; path = Info.plist; sourceTree = "<group>"; };
		B00000000000000000000018 /* XboxDataClient.swift */ = {isa = PBXFileReference; lastKnownFileType = sourcecode.swift; path = XboxDataClient.swift; sourceTree = "<group>"; };
		B00000000000000000000019 /* XboxDataStore.swift */ = {isa = PBXFileReference; lastKnownFileType = sourcecode.swift; path = XboxDataStore.swift; sourceTree = "<group>"; };
		B0000000000000000000001A /* LibraryPresentation.swift */ = {isa = PBXFileReference; lastKnownFileType = sourcecode.swift; path = LibraryPresentation.swift; sourceTree = "<group>"; };
		B0000000000000000000001B /* LibraryComponents.swift */ = {isa = PBXFileReference; lastKnownFileType = sourcecode.swift; path = LibraryComponents.swift; sourceTree = "<group>"; };
		B0000000000000000000001C /* SkeletonPulse.swift */ = {isa = PBXFileReference; lastKnownFileType = sourcecode.swift; path = SkeletonPulse.swift; sourceTree = "<group>"; };
		B0000000000000000000001D /* GamerscoreCoinIcon.swift */ = {isa = PBXFileReference; lastKnownFileType = sourcecode.swift; path = GamerscoreCoinIcon.swift; sourceTree = "<group>"; };
		B0000000000000000000001E /* GameDetailView.swift */ = {isa = PBXFileReference; lastKnownFileType = sourcecode.swift; path = GameDetailView.swift; sourceTree = "<group>"; };
		B0000000000000000000001F /* CircularCardCarousel.swift */ = {isa = PBXFileReference; lastKnownFileType = sourcecode.swift; path = CircularCardCarousel.swift; sourceTree = "<group>"; };
		B00000000000000000000020 /* CloudLibraryGame.swift */ = {isa = PBXFileReference; lastKnownFileType = sourcecode.swift; path = CloudLibraryGame.swift; sourceTree = "<group>"; };
		B00000000000000000000021 /* XboxCloudDataClient.swift */ = {isa = PBXFileReference; lastKnownFileType = sourcecode.swift; path = XboxCloudDataClient.swift; sourceTree = "<group>"; };
		B00000000000000000000022 /* CloudCatalogSnapshotRepository.swift */ = {isa = PBXFileReference; lastKnownFileType = sourcecode.swift; path = CloudCatalogSnapshotRepository.swift; sourceTree = "<group>"; };
		B00000000000000000000023 /* CloudLibraryStore.swift */ = {isa = PBXFileReference; lastKnownFileType = sourcecode.swift; path = CloudLibraryStore.swift; sourceTree = "<group>"; };
		B00000000000000000000024 /* IOSRuntimeTraceEnvelope.swift */ = {isa = PBXFileReference; lastKnownFileType = sourcecode.swift; path = IOSRuntimeTraceEnvelope.swift; sourceTree = "<group>"; };
		B00000000000000000000025 /* IOSRuntimeTracePolicy.swift */ = {isa = PBXFileReference; lastKnownFileType = sourcecode.swift; path = IOSRuntimeTracePolicy.swift; sourceTree = "<group>"; };
		B00000000000000000000026 /* IOSRuntimeTraceWriter.swift */ = {isa = PBXFileReference; lastKnownFileType = sourcecode.swift; path = IOSRuntimeTraceWriter.swift; sourceTree = "<group>"; };
		B00000000000000000000027 /* IOSRuntimeTrace.swift */ = {isa = PBXFileReference; lastKnownFileType = sourcecode.swift; path = IOSRuntimeTrace.swift; sourceTree = "<group>"; };
		B00000000000000000000028 /* AppSettingsStore.swift */ = {isa = PBXFileReference; lastKnownFileType = sourcecode.swift; path = AppSettingsStore.swift; sourceTree = "<group>"; };
		B00000000000000000000029 /* SettingsView.swift */ = {isa = PBXFileReference; lastKnownFileType = sourcecode.swift; path = SettingsView.swift; sourceTree = "<group>"; };
		B0000000000000000000002A /* XboxHostSummary.swift */ = {isa = PBXFileReference; lastKnownFileType = sourcecode.swift; path = XboxHostSummary.swift; sourceTree = "<group>"; };
		B0000000000000000000002B /* HostListView.swift */ = {isa = PBXFileReference; lastKnownFileType = sourcecode.swift; path = HostListView.swift; sourceTree = "<group>"; };
		B0000000000000000000002D /* StreamingContracts.swift */ = {isa = PBXFileReference; lastKnownFileType = sourcecode.swift; path = StreamingContracts.swift; sourceTree = "<group>"; };
		B0000000000000000000002E /* StreamSessionActor.swift */ = {isa = PBXFileReference; lastKnownFileType = sourcecode.swift; path = StreamSessionActor.swift; sourceTree = "<group>"; };
		B0000000000000000000002F /* LibWebRtcRuntime.swift */ = {isa = PBXFileReference; lastKnownFileType = sourcecode.swift; path = LibWebRtcRuntime.swift; sourceTree = "<group>"; };
		B00000000000000000000030 /* StreamingPlayerView.swift */ = {isa = PBXFileReference; lastKnownFileType = sourcecode.swift; path = StreamingPlayerView.swift; sourceTree = "<group>"; };
		B00000000000000000000031 /* XboxStreamDataChannels.swift */ = {isa = PBXFileReference; lastKnownFileType = sourcecode.swift; path = XboxStreamDataChannels.swift; sourceTree = "<group>"; };
		B00000000000000000000032 /* OrbitCardCarousel.swift */ = {isa = PBXFileReference; lastKnownFileType = sourcecode.swift; path = OrbitCardCarousel.swift; sourceTree = "<group>"; };
		B00000000000000000000033 /* IOSStreamInputProtocol.swift */ = {isa = PBXFileReference; lastKnownFileType = sourcecode.swift; path = IOSStreamInputProtocol.swift; sourceTree = "<group>"; };
/* End PBXFileReference section */

/* Begin PBXFrameworksBuildPhase section */
		D00000000000000000000003 /* Frameworks */ = {
			isa = PBXFrameworksBuildPhase;
			buildActionMask = 2147483647;
			files = (
				A10000000000000000000001 /* WebRTC in Frameworks */,
			);
			runOnlyForDeploymentPostprocessing = 0;
		};
		D00000000000000000000004 /* Frameworks */ = {
			isa = PBXFrameworksBuildPhase;
			buildActionMask = 2147483647;
			files = (
				A0000000000000000000000A /* XCTest.framework in Frameworks */,
			);
			runOnlyForDeploymentPostprocessing = 0;
		};
/* End PBXFrameworksBuildPhase section */

/* Begin PBXGroup section */
		C00000000000000000000001 = {
			isa = PBXGroup;
			children = (
				C00000000000000000000002 /* XBXRC */,
				C0000000000000000000000D /* XBXRCTests */,
				C0000000000000000000000F /* Frameworks */,
				C0000000000000000000000E /* Products */,
			);
			sourceTree = "<group>";
		};
		C00000000000000000000002 /* XBXRC */ = {
			isa = PBXGroup;
			children = (
				C00000000000000000000003 /* App */,
				C00000000000000000000004 /* Features */,
				C00000000000000000000008 /* Platform */,
				C0000000000000000000000A /* Shared */,
				C0000000000000000000000C /* Resources */,
			);
			path = XBXRC;
			sourceTree = "<group>";
		};
		C00000000000000000000003 /* App */ = {
			isa = PBXGroup;
			children = (
				B00000000000000000000001 /* XBXRCApp.swift */,
				B00000000000000000000002 /* AppRootView.swift */,
				B00000000000000000000035 /* AppOrientation.swift */,
				B00000000000000000000034 /* LaunchExperienceView.swift */,
			);
			path = App;
			sourceTree = "<group>";
		};
		C00000000000000000000004 /* Features */ = {
			isa = PBXGroup;
			children = (
				C00000000000000000000010 /* Authentication */,
				C00000000000000000000005 /* Library */,
				C00000000000000000000019 /* Hosts */,
				C00000000000000000000006 /* Achievements */,
				C00000000000000000000007 /* Profile */,
				C00000000000000000000018 /* Settings */,
			);
			path = Features;
			sourceTree = "<group>";
		};
		C00000000000000000000019 /* Hosts */ = {
			isa = PBXGroup;
			children = (
				B0000000000000000000002B /* HostListView.swift */,
			);
			path = Hosts;
			sourceTree = "<group>";
		};
		C00000000000000000000010 /* Authentication */ = {
			isa = PBXGroup;
			children = (
				B0000000000000000000000E /* AuthStore.swift */,
				B0000000000000000000000F /* WebAuthenticationPresenter.swift */,
				B00000000000000000000010 /* XboxLoginView.swift */,
			);
			path = Authentication;
			sourceTree = "<group>";
		};
		C00000000000000000000005 /* Library */ = {
			isa = PBXGroup;
			children = (
				B00000000000000000000003 /* GameLibraryView.swift */,
				B0000000000000000000001A /* LibraryPresentation.swift */,
				B0000000000000000000001B /* LibraryComponents.swift */,
				B0000000000000000000001E /* GameDetailView.swift */,
			);
			path = Library;
			sourceTree = "<group>";
		};
		C00000000000000000000006 /* Achievements */ = {
			isa = PBXGroup;
			children = (
				B00000000000000000000004 /* AchievementsView.swift */,
			);
			path = Achievements;
			sourceTree = "<group>";
		};
		C00000000000000000000007 /* Profile */ = {
			isa = PBXGroup;
			children = (
				B00000000000000000000005 /* ProfileView.swift */,
			);
			path = Profile;
			sourceTree = "<group>";
		};
		C00000000000000000000018 /* Settings */ = {
			isa = PBXGroup;
			children = (
				B00000000000000000000028 /* AppSettingsStore.swift */,
				B00000000000000000000029 /* SettingsView.swift */,
			);
			path = Settings;
			sourceTree = "<group>";
		};
		C00000000000000000000008 /* Platform */ = {
			isa = PBXGroup;
			children = (
				C00000000000000000000011 /* RustBridge */,
				C00000000000000000000009 /* Streaming */,
			);
			path = Platform;
			sourceTree = "<group>";
		};
		C00000000000000000000011 /* RustBridge */ = {
			isa = PBXGroup;
			children = (
				B00000000000000000000011 /* XboxAuthClient.swift */,
				B00000000000000000000018 /* XboxDataClient.swift */,
				B00000000000000000000021 /* XboxCloudDataClient.swift */,
				C00000000000000000000012 /* Generated */,
				C00000000000000000000013 /* Support */,
			);
			path = RustBridge;
			sourceTree = "<group>";
		};
		C00000000000000000000012 /* Generated */ = {
			isa = PBXGroup;
			children = (
				B00000000000000000000012 /* xbox_ios_bridge.swift */,
				B00000000000000000000015 /* xbox_ios_bridgeFFI.h */,
				B00000000000000000000014 /* xbox_ios_bridge.modulemap */,
			);
			path = Generated;
			sourceTree = "<group>";
		};
		C00000000000000000000013 /* Support */ = {
			isa = PBXGroup;
			children = (
				B00000000000000000000013 /* XBXRC-Bridging-Header.h */,
			);
			path = Support;
			sourceTree = "<group>";
		};
		C00000000000000000000009 /* Streaming */ = {
			isa = PBXGroup;
			children = (
				B00000000000000000000006 /* StreamingRuntime.swift */,
				B0000000000000000000002D /* StreamingContracts.swift */,
				B0000000000000000000002E /* StreamSessionActor.swift */,
				B0000000000000000000002F /* LibWebRtcRuntime.swift */,
				B00000000000000000000030 /* StreamingPlayerView.swift */,
				B00000000000000000000031 /* XboxStreamDataChannels.swift */,
				B00000000000000000000033 /* IOSStreamInputProtocol.swift */,
			);
			path = Streaming;
			sourceTree = "<group>";
		};
		C0000000000000000000000A /* Shared */ = {
			isa = PBXGroup;
			children = (
				C00000000000000000000017 /* Diagnostics */,
				C00000000000000000000016 /* Components */,
				C0000000000000000000000B /* Models */,
				C00000000000000000000014 /* Security */,
				C00000000000000000000015 /* State */,
			);
			path = Shared;
			sourceTree = "<group>";
		};
		C00000000000000000000017 /* Diagnostics */ = {
			isa = PBXGroup;
			children = (
				B00000000000000000000024 /* IOSRuntimeTraceEnvelope.swift */,
				B00000000000000000000025 /* IOSRuntimeTracePolicy.swift */,
				B00000000000000000000026 /* IOSRuntimeTraceWriter.swift */,
				B00000000000000000000027 /* IOSRuntimeTrace.swift */,
			);
			path = Diagnostics;
			sourceTree = "<group>";
		};
		C00000000000000000000016 /* Components */ = {
			isa = PBXGroup;
			children = (
				B0000000000000000000001D /* GamerscoreCoinIcon.swift */,
				B0000000000000000000001F /* CircularCardCarousel.swift */,
				B00000000000000000000032 /* OrbitCardCarousel.swift */,
				B0000000000000000000001C /* SkeletonPulse.swift */,
			);
			path = Components;
			sourceTree = "<group>";
		};
		C00000000000000000000014 /* Security */ = {
			isa = PBXGroup;
			children = (
				B00000000000000000000016 /* KeychainSessionStore.swift */,
			);
			path = Security;
			sourceTree = "<group>";
		};
		C00000000000000000000015 /* State */ = {
			isa = PBXGroup;
			children = (
				B00000000000000000000019 /* XboxDataStore.swift */,
				B00000000000000000000022 /* CloudCatalogSnapshotRepository.swift */,
				B00000000000000000000023 /* CloudLibraryStore.swift */,
			);
			path = State;
			sourceTree = "<group>";
		};
		C0000000000000000000000B /* Models */ = {
			isa = PBXGroup;
			children = (
				B00000000000000000000007 /* GameSummary.swift */,
				B00000000000000000000020 /* CloudLibraryGame.swift */,
				B0000000000000000000002A /* XboxHostSummary.swift */,
			);
			path = Models;
			sourceTree = "<group>";
		};
		C0000000000000000000000C /* Resources */ = {
			isa = PBXGroup;
			children = (
				B00000000000000000000008 /* Assets.xcassets */,
				B00000000000000000000017 /* Info.plist */,
			);
			path = Resources;
			sourceTree = "<group>";
		};
		C0000000000000000000000D /* XBXRCTests */ = {
			isa = PBXGroup;
			children = (
				B0000000000000000000000A /* XBXRCTests.swift */,
			);
			path = XBXRCTests;
			sourceTree = "<group>";
		};
		C0000000000000000000000E /* Products */ = {
			isa = PBXGroup;
			children = (
				B00000000000000000000009 /* XBXRC.app */,
				B0000000000000000000000B /* XBXRCTests.xctest */,
			);
			name = Products;
			sourceTree = "<group>";
		};
		C0000000000000000000000F /* Frameworks */ = {
			isa = PBXGroup;
			children = (
				B0000000000000000000000D /* XCTest.framework */,
			);
			name = Frameworks;
			sourceTree = "<group>";
		};
/* End PBXGroup section */

/* Begin PBXNativeTarget section */
		F00000000000000000000001 /* XBXRC */ = {
			isa = PBXNativeTarget;
			buildConfigurationList = H00000000000000000000002 /* Build configuration list for PBXNativeTarget "XBXRC" */;
			buildPhases = (
				D00000000000000000000006 /* Build Rust bridge */,
				D00000000000000000000001 /* Sources */,
				D00000000000000000000003 /* Frameworks */,
				D00000000000000000000002 /* Resources */,
			);
			buildRules = (
			);
			dependencies = (
			);
			name = XBXRC;
			packageProductDependencies = (
				C10000000000000000000001 /* WebRTC */,
			);
			productName = XBXRC;
			productReference = B00000000000000000000009 /* XBXRC.app */;
			productType = "com.apple.product-type.application";
		};
		F00000000000000000000002 /* XBXRCTests */ = {
			isa = PBXNativeTarget;
			buildConfigurationList = H00000000000000000000003 /* Build configuration list for PBXNativeTarget "XBXRCTests" */;
			buildPhases = (
				D00000000000000000000005 /* Sources */,
				D00000000000000000000004 /* Frameworks */,
			);
			buildRules = (
			);
			dependencies = (
				E00000000000000000000003 /* PBXTargetDependency */,
			);
			name = XBXRCTests;
			productName = XBXRCTests;
			productReference = B0000000000000000000000B /* XBXRCTests.xctest */;
			productType = "com.apple.product-type.bundle.unit-test";
		};
/* End PBXNativeTarget section */

/* Begin PBXProject section */
		E00000000000000000000001 /* Project object */ = {
			isa = PBXProject;
			attributes = {
				BuildIndependentTargetsInParallel = 1;
				LastSwiftUpdateCheck = 2610;
				LastUpgradeCheck = 2610;
				TargetAttributes = {
					F00000000000000000000001 = {
						CreatedOnToolsVersion = 26.1;
					};
					F00000000000000000000002 = {
						CreatedOnToolsVersion = 26.1;
						TestTargetID = F00000000000000000000001;
					};
				};
			};
			buildConfigurationList = H00000000000000000000001 /* Build configuration list for PBXProject "XBXRC" */;
			compatibilityVersion = "Xcode 14.0";
			developmentRegion = en;
			hasScannedForEncodings = 0;
			knownRegions = (
				en,
				Base,
			);
			mainGroup = C00000000000000000000001;
			packageReferences = (
				B10000000000000000000001 /* XCLocalSwiftPackageReference \"WebRTC\" */,
			);
			productRefGroup = C0000000000000000000000E /* Products */;
			projectDirPath = "";
			projectRoot = "";
			targets = (
				F00000000000000000000001 /* XBXRC */,
				F00000000000000000000002 /* XBXRCTests */,
			);
		};
/* End PBXProject section */

/* Begin PBXResourcesBuildPhase section */
		D00000000000000000000002 /* Resources */ = {
			isa = PBXResourcesBuildPhase;
			buildActionMask = 2147483647;
			files = (
				A00000000000000000000008 /* Assets.xcassets in Resources */,
			);
			runOnlyForDeploymentPostprocessing = 0;
		};
/* End PBXResourcesBuildPhase section */

/* Begin PBXShellScriptBuildPhase section */
		D00000000000000000000006 /* Build Rust bridge */ = {
			isa = PBXShellScriptBuildPhase;
			alwaysOutOfDate = 1;
			buildActionMask = 2147483647;
			files = (
			);
			inputPaths = (
			);
			name = "Build Rust bridge";
			outputPaths = (
				"$(DERIVED_FILE_DIR)/rust/libxbox_ios_bridge.a",
			);
			runOnlyForDeploymentPostprocessing = 0;
			shellPath = /bin/sh;
			shellScript = "\"$SRCROOT/scripts/build-rust-bridge.sh\"\n";
		};
/* End PBXShellScriptBuildPhase section */

/* Begin XCLocalSwiftPackageReference section */
		B10000000000000000000001 /* XCLocalSwiftPackageReference \"WebRTC\" */ = {
			isa = XCLocalSwiftPackageReference;
			relativePath = Packages/WebRTC;
		};
/* End XCLocalSwiftPackageReference section */

/* Begin XCSwiftPackageProductDependency section */
		C10000000000000000000001 /* WebRTC */ = {
			isa = XCSwiftPackageProductDependency;
			package = B10000000000000000000001 /* XCLocalSwiftPackageReference \"WebRTC\" */;
			productName = WebRTC;
		};
/* End XCSwiftPackageProductDependency section */

/* Begin PBXSourcesBuildPhase section */
		D00000000000000000000001 /* Sources */ = {
			isa = PBXSourcesBuildPhase;
			buildActionMask = 2147483647;
			files = (
				A00000000000000000000001 /* XBXRCApp.swift in Sources */,
				A00000000000000000000002 /* AppRootView.swift in Sources */,
				A00000000000000000000035 /* AppOrientation.swift in Sources */,
				A0000000000000000000002D /* LaunchExperienceView.swift in Sources */,
				A0000000000000000000000B /* AuthStore.swift in Sources */,
				A0000000000000000000000C /* WebAuthenticationPresenter.swift in Sources */,
				A0000000000000000000000D /* XboxLoginView.swift in Sources */,
				A00000000000000000000003 /* GameLibraryView.swift in Sources */,
				A00000000000000000000013 /* LibraryPresentation.swift in Sources */,
				A00000000000000000000014 /* LibraryComponents.swift in Sources */,
				A00000000000000000000017 /* GameDetailView.swift in Sources */,
				A00000000000000000000004 /* AchievementsView.swift in Sources */,
				A00000000000000000000005 /* ProfileView.swift in Sources */,
				A0000000000000000000000E /* XboxAuthClient.swift in Sources */,
				A00000000000000000000011 /* XboxDataClient.swift in Sources */,
				A0000000000000000000001A /* XboxCloudDataClient.swift in Sources */,
				A0000000000000000000000F /* xbox_ios_bridge.swift in Sources */,
				A00000000000000000000006 /* StreamingRuntime.swift in Sources */,
				A00000000000000000000026 /* StreamingContracts.swift in Sources */,
				A00000000000000000000027 /* StreamSessionActor.swift in Sources */,
				A00000000000000000000028 /* LibWebRtcRuntime.swift in Sources */,
				A00000000000000000000029 /* StreamingPlayerView.swift in Sources */,
				A0000000000000000000002A /* XboxStreamDataChannels.swift in Sources */,
				A0000000000000000000002C /* IOSStreamInputProtocol.swift in Sources */,
				A00000000000000000000007 /* GameSummary.swift in Sources */,
				A00000000000000000000019 /* CloudLibraryGame.swift in Sources */,
				A00000000000000000000010 /* KeychainSessionStore.swift in Sources */,
				A00000000000000000000012 /* XboxDataStore.swift in Sources */,
				A0000000000000000000001B /* CloudCatalogSnapshotRepository.swift in Sources */,
				A0000000000000000000001C /* CloudLibraryStore.swift in Sources */,
				A00000000000000000000016 /* GamerscoreCoinIcon.swift in Sources */,
				A00000000000000000000015 /* SkeletonPulse.swift in Sources */,
				A00000000000000000000018 /* CircularCardCarousel.swift in Sources */,
				A0000000000000000000001D /* IOSRuntimeTraceEnvelope.swift in Sources */,
				A0000000000000000000001E /* IOSRuntimeTracePolicy.swift in Sources */,
				A0000000000000000000001F /* IOSRuntimeTraceWriter.swift in Sources */,
				A00000000000000000000020 /* IOSRuntimeTrace.swift in Sources */,
				A00000000000000000000021 /* AppSettingsStore.swift in Sources */,
				A00000000000000000000022 /* SettingsView.swift in Sources */,
				A00000000000000000000023 /* XboxHostSummary.swift in Sources */,
				A00000000000000000000024 /* HostListView.swift in Sources */,
				A0000000000000000000002B /* OrbitCardCarousel.swift in Sources */,
			);
			runOnlyForDeploymentPostprocessing = 0;
		};
		D00000000000000000000005 /* Sources */ = {
			isa = PBXSourcesBuildPhase;
			buildActionMask = 2147483647;
			files = (
				A00000000000000000000009 /* XBXRCTests.swift in Sources */,
			);
			runOnlyForDeploymentPostprocessing = 0;
		};
/* End PBXSourcesBuildPhase section */

/* Begin PBXTargetDependency section */
		E00000000000000000000003 /* PBXTargetDependency */ = {
			isa = PBXTargetDependency;
			target = F00000000000000000000001 /* XBXRC */;
			targetProxy = E00000000000000000000002 /* PBXContainerItemProxy */;
		};
/* End PBXTargetDependency section */

/* Begin XCBuildConfiguration section */
		G00000000000000000000001 /* Debug */ = {
			isa = XCBuildConfiguration;
			buildSettings = {
				ALWAYS_SEARCH_USER_PATHS = NO;
				CLANG_ANALYZER_NONNULL = YES;
				CLANG_ANALYZER_NUMBER_OBJECT_CONVERSION = YES_AGGRESSIVE;
				CLANG_CXX_LANGUAGE_STANDARD = "gnu++20";
				CLANG_ENABLE_MODULES = YES;
				CLANG_ENABLE_OBJC_ARC = YES;
				CLANG_WARN_BLOCK_CAPTURE_AUTORELEASING = YES;
				CLANG_WARN_BOOL_CONVERSION = YES;
				CLANG_WARN_COMMA = YES;
				CLANG_WARN_CONSTANT_CONVERSION = YES;
				CLANG_WARN_DEPRECATED_OBJC_IMPLEMENTATIONS = YES;
				CLANG_WARN_DIRECT_OBJC_ISA_USAGE = YES_ERROR;
				CLANG_WARN_DOCUMENTATION_COMMENTS = YES;
				CLANG_WARN_EMPTY_BODY = YES;
				CLANG_WARN_ENUM_CONVERSION = YES;
				CLANG_WARN_INFINITE_RECURSION = YES;
				CLANG_WARN_INT_CONVERSION = YES;
				CLANG_WARN_NON_LITERAL_NULL_CONVERSION = YES;
				CLANG_WARN_OBJC_IMPLICIT_RETAIN_SELF = YES;
				CLANG_WARN_OBJC_LITERAL_CONVERSION = YES;
				CLANG_WARN_QUOTED_INCLUDE_IN_FRAMEWORK_HEADER = YES;
				CLANG_WARN_RANGE_LOOP_ANALYSIS = YES;
				CLANG_WARN_STRICT_PROTOTYPES = YES;
				CLANG_WARN_SUSPICIOUS_MOVE = YES;
				CLANG_WARN_UNGUARDED_AVAILABILITY = YES_AGGRESSIVE;
				CLANG_WARN_UNREACHABLE_CODE = YES;
				CLANG_WARN__DUPLICATE_METHOD_MATCH = YES;
				COPY_PHASE_STRIP = NO;
				DEBUG_INFORMATION_FORMAT = dwarf;
				ENABLE_TESTABILITY = YES;
				GCC_C_LANGUAGE_STANDARD = gnu17;
				GCC_DYNAMIC_NO_PIC = NO;
				GCC_NO_COMMON_BLOCKS = YES;
				GCC_OPTIMIZATION_LEVEL = 0;
				GCC_PREPROCESSOR_DEFINITIONS = (
					"DEBUG=1",
					"$(inherited)",
				);
				GCC_WARN_64_TO_32_BIT_CONVERSION = YES;
				GCC_WARN_ABOUT_RETURN_TYPE = YES_ERROR;
				GCC_WARN_UNDECLARED_SELECTOR = YES;
				GCC_WARN_UNINITIALIZED_AUTOS = YES_AGGRESSIVE;
				GCC_WARN_UNUSED_FUNCTION = YES;
				GCC_WARN_UNUSED_VARIABLE = YES;
				IPHONEOS_DEPLOYMENT_TARGET = 26.0;
				LOCALIZATION_PREFERS_STRING_CATALOGS = YES;
				MTL_ENABLE_DEBUG_INFO = INCLUDE_SOURCE;
				MTL_FAST_MATH = YES;
				ONLY_ACTIVE_ARCH = YES;
				SDKROOT = iphoneos;
				SWIFT_ACTIVE_COMPILATION_CONDITIONS = "DEBUG $(inherited)";
				SWIFT_OPTIMIZATION_LEVEL = "-Onone";
			};
			name = Debug;
		};
		G00000000000000000000002 /* Release */ = {
			isa = XCBuildConfiguration;
			buildSettings = {
				ALWAYS_SEARCH_USER_PATHS = NO;
				CLANG_ANALYZER_NONNULL = YES;
				CLANG_ANALYZER_NUMBER_OBJECT_CONVERSION = YES_AGGRESSIVE;
				CLANG_CXX_LANGUAGE_STANDARD = "gnu++20";
				CLANG_ENABLE_MODULES = YES;
				CLANG_ENABLE_OBJC_ARC = YES;
				CLANG_WARN_BLOCK_CAPTURE_AUTORELEASING = YES;
				CLANG_WARN_BOOL_CONVERSION = YES;
				CLANG_WARN_COMMA = YES;
				CLANG_WARN_CONSTANT_CONVERSION = YES;
				CLANG_WARN_DEPRECATED_OBJC_IMPLEMENTATIONS = YES;
				CLANG_WARN_DIRECT_OBJC_ISA_USAGE = YES_ERROR;
				CLANG_WARN_DOCUMENTATION_COMMENTS = YES;
				CLANG_WARN_EMPTY_BODY = YES;
				CLANG_WARN_ENUM_CONVERSION = YES;
				CLANG_WARN_INFINITE_RECURSION = YES;
				CLANG_WARN_INT_CONVERSION = YES;
				CLANG_WARN_NON_LITERAL_NULL_CONVERSION = YES;
				CLANG_WARN_OBJC_IMPLICIT_RETAIN_SELF = YES;
				CLANG_WARN_OBJC_LITERAL_CONVERSION = YES;
				CLANG_WARN_QUOTED_INCLUDE_IN_FRAMEWORK_HEADER = YES;
				CLANG_WARN_RANGE_LOOP_ANALYSIS = YES;
				CLANG_WARN_STRICT_PROTOTYPES = YES;
				CLANG_WARN_SUSPICIOUS_MOVE = YES;
				CLANG_WARN_UNGUARDED_AVAILABILITY = YES_AGGRESSIVE;
				CLANG_WARN_UNREACHABLE_CODE = YES;
				CLANG_WARN__DUPLICATE_METHOD_MATCH = YES;
				COPY_PHASE_STRIP = NO;
				DEBUG_INFORMATION_FORMAT = "dwarf-with-dsym";
				ENABLE_NS_ASSERTIONS = NO;
				GCC_C_LANGUAGE_STANDARD = gnu17;
				GCC_NO_COMMON_BLOCKS = YES;
				GCC_WARN_64_TO_32_BIT_CONVERSION = YES;
				GCC_WARN_ABOUT_RETURN_TYPE = YES_ERROR;
				GCC_WARN_UNDECLARED_SELECTOR = YES;
				GCC_WARN_UNINITIALIZED_AUTOS = YES_AGGRESSIVE;
				GCC_WARN_UNUSED_FUNCTION = YES;
				GCC_WARN_UNUSED_VARIABLE = YES;
				IPHONEOS_DEPLOYMENT_TARGET = 26.0;
				LOCALIZATION_PREFERS_STRING_CATALOGS = YES;
				MTL_ENABLE_DEBUG_INFO = NO;
				MTL_FAST_MATH = YES;
				SDKROOT = iphoneos;
				SWIFT_COMPILATION_MODE = wholemodule;
				VALIDATE_PRODUCT = YES;
			};
			name = Release;
		};
		G00000000000000000000003 /* Debug */ = {
			isa = XCBuildConfiguration;
			buildSettings = {
				ASSETCATALOG_COMPILER_ACCENT_COLOR_NAME = AccentColor;
				ASSETCATALOG_COMPILER_APPICON_NAME = AppIcon;
				ASSETCATALOG_COMPILER_ALTERNATE_APPICON_NAMES = "AppIconForest AppIconMidnight";
				ASSETCATALOG_COMPILER_INCLUDE_ALL_APPICON_ASSETS = YES;
				CODE_SIGN_STYLE = Automatic;
				CURRENT_PROJECT_VERSION = 1;
				DEVELOPMENT_ASSET_PATHS = "";
				DEVELOPMENT_TEAM = 9P8MT5G4P8;
				ENABLE_PREVIEWS = YES;
				ENABLE_USER_SCRIPT_SANDBOXING = NO;
				"EXCLUDED_ARCHS[sdk=iphonesimulator*]" = x86_64;
				GENERATE_INFOPLIST_FILE = NO;
				INFOPLIST_FILE = XBXRC/Resources/Info.plist;
				INFOPLIST_KEY_CFBundleDisplayName = xbxrc;
				INFOPLIST_KEY_LSApplicationCategoryType = "public.app-category.games";
				INFOPLIST_KEY_UIApplicationSceneManifest_Generation = YES;
				INFOPLIST_KEY_UIApplicationSupportsIndirectInputEvents = YES;
				INFOPLIST_KEY_UILaunchScreen_Generation = YES;
				INFOPLIST_KEY_UISupportedInterfaceOrientations = "UIInterfaceOrientationPortrait UIInterfaceOrientationLandscapeLeft UIInterfaceOrientationLandscapeRight";
				INFOPLIST_KEY_UISupportedInterfaceOrientations_iPad = "UIInterfaceOrientationPortrait UIInterfaceOrientationPortraitUpsideDown UIInterfaceOrientationLandscapeLeft UIInterfaceOrientationLandscapeRight";
				MARKETING_VERSION = 0.1.0;
				LIBRARY_SEARCH_PATHS = (
					"$(inherited)",
					"$(DERIVED_FILE_DIR)/rust",
				);
				LD_RUNPATH_SEARCH_PATHS = (
					"$(inherited)",
					"@executable_path/Frameworks",
				);
				OTHER_LDFLAGS = (
					"$(inherited)",
					"-lxbox_ios_bridge",
					"-ObjC",
					"-framework",
					Security,
					"-framework",
					SystemConfiguration,
					"-framework",
					CoreFoundation,
					"-liconv",
				);
				PRODUCT_BUNDLE_IDENTIFIER = com.xuasir.xbxrc.ios;
				PRODUCT_NAME = "$(TARGET_NAME)";
				SWIFT_EMIT_LOC_STRINGS = YES;
				SWIFT_STRICT_CONCURRENCY = complete;
				SWIFT_OBJC_BRIDGING_HEADER = "XBXRC/Platform/RustBridge/Support/XBXRC-Bridging-Header.h";
				SWIFT_VERSION = 6.0;
				TARGETED_DEVICE_FAMILY = "1,2";
			};
			name = Debug;
		};
		G00000000000000000000004 /* Release */ = {
			isa = XCBuildConfiguration;
			buildSettings = {
				ASSETCATALOG_COMPILER_ACCENT_COLOR_NAME = AccentColor;
				ASSETCATALOG_COMPILER_APPICON_NAME = AppIcon;
				ASSETCATALOG_COMPILER_ALTERNATE_APPICON_NAMES = "AppIconForest AppIconMidnight";
				ASSETCATALOG_COMPILER_INCLUDE_ALL_APPICON_ASSETS = YES;
				CODE_SIGN_STYLE = Automatic;
				CURRENT_PROJECT_VERSION = 1;
				DEVELOPMENT_ASSET_PATHS = "";
				DEVELOPMENT_TEAM = 9P8MT5G4P8;
				ENABLE_PREVIEWS = YES;
				ENABLE_USER_SCRIPT_SANDBOXING = NO;
				"EXCLUDED_ARCHS[sdk=iphonesimulator*]" = x86_64;
				GENERATE_INFOPLIST_FILE = NO;
				INFOPLIST_FILE = XBXRC/Resources/Info.plist;
				INFOPLIST_KEY_CFBundleDisplayName = xbxrc;
				INFOPLIST_KEY_LSApplicationCategoryType = "public.app-category.games";
				INFOPLIST_KEY_UIApplicationSceneManifest_Generation = YES;
				INFOPLIST_KEY_UIApplicationSupportsIndirectInputEvents = YES;
				INFOPLIST_KEY_UILaunchScreen_Generation = YES;
				INFOPLIST_KEY_UISupportedInterfaceOrientations = "UIInterfaceOrientationPortrait UIInterfaceOrientationLandscapeLeft UIInterfaceOrientationLandscapeRight";
				INFOPLIST_KEY_UISupportedInterfaceOrientations_iPad = "UIInterfaceOrientationPortrait UIInterfaceOrientationPortraitUpsideDown UIInterfaceOrientationLandscapeLeft UIInterfaceOrientationLandscapeRight";
				MARKETING_VERSION = 0.1.0;
				LIBRARY_SEARCH_PATHS = (
					"$(inherited)",
					"$(DERIVED_FILE_DIR)/rust",
				);
				LD_RUNPATH_SEARCH_PATHS = (
					"$(inherited)",
					"@executable_path/Frameworks",
				);
				OTHER_LDFLAGS = (
					"$(inherited)",
					"-lxbox_ios_bridge",
					"-ObjC",
					"-framework",
					Security,
					"-framework",
					SystemConfiguration,
					"-framework",
					CoreFoundation,
					"-liconv",
				);
				PRODUCT_BUNDLE_IDENTIFIER = com.xuasir.xbxrc.ios;
				PRODUCT_NAME = "$(TARGET_NAME)";
				SWIFT_EMIT_LOC_STRINGS = YES;
				SWIFT_STRICT_CONCURRENCY = complete;
				SWIFT_OBJC_BRIDGING_HEADER = "XBXRC/Platform/RustBridge/Support/XBXRC-Bridging-Header.h";
				SWIFT_VERSION = 6.0;
				TARGETED_DEVICE_FAMILY = "1,2";
			};
			name = Release;
		};
		G00000000000000000000005 /* Debug */ = {
			isa = XCBuildConfiguration;
			buildSettings = {
				BUNDLE_LOADER = "$(TEST_HOST)";
				CODE_SIGN_STYLE = Automatic;
				CURRENT_PROJECT_VERSION = 1;
				GENERATE_INFOPLIST_FILE = YES;
				MARKETING_VERSION = 0.1.0;
				PRODUCT_BUNDLE_IDENTIFIER = com.xuasir.xbxrc.ios.tests;
				PRODUCT_NAME = "$(TARGET_NAME)";
				SWIFT_EMIT_LOC_STRINGS = NO;
				SWIFT_STRICT_CONCURRENCY = complete;
				SWIFT_VERSION = 6.0;
				TARGETED_DEVICE_FAMILY = "1,2";
				TEST_HOST = "$(BUILT_PRODUCTS_DIR)/XBXRC.app/$(BUNDLE_EXECUTABLE_FOLDER_PATH)/XBXRC";
			};
			name = Debug;
		};
		G00000000000000000000006 /* Release */ = {
			isa = XCBuildConfiguration;
			buildSettings = {
				BUNDLE_LOADER = "$(TEST_HOST)";
				CODE_SIGN_STYLE = Automatic;
				CURRENT_PROJECT_VERSION = 1;
				GENERATE_INFOPLIST_FILE = YES;
				MARKETING_VERSION = 0.1.0;
				PRODUCT_BUNDLE_IDENTIFIER = com.xuasir.xbxrc.ios.tests;
				PRODUCT_NAME = "$(TARGET_NAME)";
				SWIFT_EMIT_LOC_STRINGS = NO;
				SWIFT_STRICT_CONCURRENCY = complete;
				SWIFT_VERSION = 6.0;
				TARGETED_DEVICE_FAMILY = "1,2";
				TEST_HOST = "$(BUILT_PRODUCTS_DIR)/XBXRC.app/$(BUNDLE_EXECUTABLE_FOLDER_PATH)/XBXRC";
			};
			name = Release;
		};
/* End XCBuildConfiguration section */

/* Begin XCConfigurationList section */
		H00000000000000000000001 /* Build configuration list for PBXProject "XBXRC" */ = {
			isa = XCConfigurationList;
			buildConfigurations = (
				G00000000000000000000001 /* Debug */,
				G00000000000000000000002 /* Release */,
			);
			defaultConfigurationIsVisible = 0;
			defaultConfigurationName = Release;
		};
		H00000000000000000000002 /* Build configuration list for PBXNativeTarget "XBXRC" */ = {
			isa = XCConfigurationList;
			buildConfigurations = (
				G00000000000000000000003 /* Debug */,
				G00000000000000000000004 /* Release */,
			);
			defaultConfigurationIsVisible = 0;
			defaultConfigurationName = Release;
		};
		H00000000000000000000003 /* Build configuration list for PBXNativeTarget "XBXRCTests" */ = {
			isa = XCConfigurationList;
			buildConfigurations = (
				G00000000000000000000005 /* Debug */,
				G00000000000000000000006 /* Release */,
			);
			defaultConfigurationIsVisible = 0;
			defaultConfigurationName = Release;
		};
/* End XCConfigurationList section */
	};
	rootObject = E00000000000000000000001 /* Project object */;
}
